
Microsoft Visual Studio Solution File, Format Version 12.00
# Visual Studio Version 16
VisualStudioVersion = 16.0.31205.134
MinimumVisualStudioVersion = 10.0.40219.1
Project("{9A19103F-16F7-4668-BE54-9A1E7A4F7556}") = "PaySpaceTaxCalc", "PaySpaceTaxCalc.csproj", "{4D7BF37C-06D9-45B5-B15F-8927348FE5C1}"
EndProject
Project("{9A19103F-16F7-4668-BE54-9A1E7A4F7556}") = "api", "..\api\api.csproj", "{04158815-F6D8-4213-B990-F416DA74A891}"
EndProject
Global
	GlobalSection(SolutionConfigurationPlatforms) = preSolution
		Debug|Any CPU = Debug|Any CPU
		Release|Any CPU = Release|Any CPU
	EndGlobalSection
	GlobalSection(ProjectConfigurationPlatforms) = postSolution
		{4D7BF37C-06D9-45B5-B15F-8927348FE5C1}.Debug|Any CPU.ActiveCfg = Debug|Any CPU
		{4D7BF37C-06D9-45B5-B15F-8927348FE5C1}.Debug|Any CPU.Build.0 = Debug|Any CPU
		{4D7BF37C-06D9-45B5-B15F-8927348FE5C1}.Release|Any CPU.ActiveCfg = Release|Any CPU
		{4D7BF37C-06D9-45B5-B15F-8927348FE5C1}.Release|Any CPU.Build.0 = Release|Any CPU
		{04158815-F6D8-4213-B990-F416DA74A891}.Debug|Any CPU.ActiveCfg = Debug|Any CPU
		{04158815-F6D8-4213-B990-F416DA74A891}.Debug|Any CPU.Build.0 = Debug|Any CPU
		{04158815-F6D8-4213-B990-F416DA74A891}.Release|Any CPU.ActiveCfg = Release|Any CPU
		{04158815-F6D8-4213-B990-F416DA74A891}.Release|Any CPU.Build.0 = Release|Any CPU
	EndGlobalSection
	GlobalSection(SolutionProperties) = preSolution
		HideSolutionNode = FALSE
	EndGlobalSection
	GlobalSection(ExtensibilityGlobals) = postSolution
		SolutionGuid = {238AC3E9-3532-4A27-963D-36E00ED12E28}
	EndGlobalSection
EndGlobal
